{
  "version": 4,
  "terraform_version": "1.14.0",
  "serial": 3,
  "lineage": "b13ea390-6537-9db1-1400-3158606cef73",
  "outputs": {},
  "resources": [
    {
      "mode": "managed",
      "type": "aws_iam_policy",
      "name": "deploy_app_policy",
      "provider": "provider[\"registry.terraform.io/hashicorp/aws\"]",
      "instances": [
        {
          "schema_version": 0,
          "attributes": {
            "arn": "arn:aws:iam::174512274809:policy/kubernetes-app-deploy-policy",
            "attachment_count": 0,
            "description": "",
            "id": "arn:aws:iam::174512274809:policy/kubernetes-app-deploy-policy",
            "name": "kubernetes-app-deploy-policy",
            "name_prefix": "",
            "path": "/",
            "policy": "{\"Statement\":[{\"Action\":[\"eks:DescribeCluster\"],\"Effect\":\"Allow\",\"Resource\":\"*\"}],\"Version\":\"2012-10-17\"}",
            "policy_id": "ANPASRIN57V4ZJR4DHHIR",
            "tags": null,
            "tags_all": {}
          },
          "sensitive_attributes": [],
          "identity_schema_version": 0,
          "identity": {
            "arn": "arn:aws:iam::174512274809:policy/kubernetes-app-deploy-policy"
          },
          "private": "bnVsbA=="
        }
      ]
    }
  ],
  "check_results": null
}
